// !$*UTF8*$!
{
	archiveVersion = 1;
	classes = {
	};
	objectVersion = 46;
	objects = {

/* Begin PBXBuildFile section */
		623434451E53A8CB00460B18 /* Quad.swift in Sources */ = {isa = PBXBuildFile; fileRef = 623434441E53A8CB00460B18 /* Quad.swift */; };
		623434471E53ABB300460B18 /* Pyramid.swift in Sources */ = {isa = PBXBuildFile; fileRef = 623434461E53ABB300460B18 /* Pyramid.swift */; };
		623434491E53AF4F00460B18 /* ParticleSpawner.swift in Sources */ = {isa = PBXBuildFile; fileRef = 623434481E53AF4F00460B18 /* ParticleSpawner.swift */; };
		62FFA6DA1E539BBD00D2E2D0 /* SwiftMath.framework in Frameworks */ = {isa = PBXBuildFile; fileRef = 62FFA6D91E539BBD00D2E2D0 /* SwiftMath.framework */; };
		62FFA6DB1E539BBD00D2E2D0 /* SwiftMath.framework in Embed Frameworks */ = {isa = PBXBuildFile; fileRef = 62FFA6D91E539BBD00D2E2D0 /* SwiftMath.framework */; settings = {ATTRIBUTES = (CodeSignOnCopy, RemoveHeadersOnCopy, ); }; };
		62FFA6DD1E539C9600D2E2D0 /* Triangle.swift in Sources */ = {isa = PBXBuildFile; fileRef = 62FFA6DC1E539C9600D2E2D0 /* Triangle.swift */; };
		CE07A9811E51DE110024895C /* Scene.swift in Sources */ = {isa = PBXBuildFile; fileRef = CE07A9801E51DE110024895C /* Scene.swift */; };
		CE07A9831E51DEBD0024895C /* Cube.swift in Sources */ = {isa = PBXBuildFile; fileRef = CE07A9821E51DEBD0024895C /* Cube.swift */; };
		CE7B16591E53734A0016CB34 /* SwiftMath.framework in Frameworks */ = {isa = PBXBuildFile; fileRef = CE7B16571E53733B0016CB34 /* SwiftMath.framework */; };
		CE82D7D51E58CD33008EABDB /* Player.swift in Sources */ = {isa = PBXBuildFile; fileRef = CE82D7D41E58CD33008EABDB /* Player.swift */; };
		CE82D7D71E58D1AB008EABDB /* Plane.swift in Sources */ = {isa = PBXBuildFile; fileRef = CE82D7D61E58D1AB008EABDB /* Plane.swift */; };
		CEE675A11E513D1800051914 /* Actor.swift in Sources */ = {isa = PBXBuildFile; fileRef = CEE675A01E513D1800051914 /* Actor.swift */; };
		CEE675A31E5146D100051914 /* Shader.swift in Sources */ = {isa = PBXBuildFile; fileRef = CEE675A21E5146D100051914 /* Shader.swift */; };
		CEE675A51E514E1300051914 /* Mesh.swift in Sources */ = {isa = PBXBuildFile; fileRef = CEE675A41E514E1300051914 /* Mesh.swift */; };
		CEF5A99B1E5135070008D0BB /* AppDelegate.swift in Sources */ = {isa = PBXBuildFile; fileRef = CEF5A99A1E5135070008D0BB /* AppDelegate.swift */; };
		CEF5A99D1E5135070008D0BB /* Shader.frag in Resources */ = {isa = PBXBuildFile; fileRef = CEF5A99C1E5135070008D0BB /* Shader.frag */; };
		CEF5A99F1E5135070008D0BB /* Shader.vert in Resources */ = {isa = PBXBuildFile; fileRef = CEF5A99E1E5135070008D0BB /* Shader.vert */; };
		CEF5A9A11E5135070008D0BB /* GameViewController.swift in Sources */ = {isa = PBXBuildFile; fileRef = CEF5A9A01E5135070008D0BB /* GameViewController.swift */; };
		CEF5A9A41E5135070008D0BB /* Main.storyboard in Resources */ = {isa = PBXBuildFile; fileRef = CEF5A9A21E5135070008D0BB /* Main.storyboard */; };
		CEF5A9A61E5135070008D0BB /* Assets.xcassets in Resources */ = {isa = PBXBuildFile; fileRef = CEF5A9A51E5135070008D0BB /* Assets.xcassets */; };
		CEF5A9A91E5135070008D0BB /* LaunchScreen.storyboard in Resources */ = {isa = PBXBuildFile; fileRef = CEF5A9A71E5135070008D0BB /* LaunchScreen.storyboard */; };
		CEF5A9B11E525BB40008D0BB /* Camera.swift in Sources */ = {isa = PBXBuildFile; fileRef = CEF5A9B01E525BB40008D0BB /* Camera.swift */; };
/* End PBXBuildFile section */

/* Begin PBXCopyFilesBuildPhase section */
		CE7B161E1E53707F0016CB34 /* Embed Frameworks */ = {
			isa = PBXCopyFilesBuildPhase;
			buildActionMask = 2147483647;
			dstPath = "";
			dstSubfolderSpec = 10;
			files = (
				62FFA6DB1E539BBD00D2E2D0 /* SwiftMath.framework in Embed Frameworks */,
			);
			name = "Embed Frameworks";
			runOnlyForDeploymentPostprocessing = 0;
		};
/* End PBXCopyFilesBuildPhase section */

/* Begin PBXFileReference section */
		623434441E53A8CB00460B18 /* Quad.swift */ = {isa = PBXFileReference; fileEncoding = 4; lastKnownFileType = sourcecode.swift; path = Quad.swift; sourceTree = "<group>"; };
		623434461E53ABB300460B18 /* Pyramid.swift */ = {isa = PBXFileReference; fileEncoding = 4; lastKnownFileType = sourcecode.swift; path = Pyramid.swift; sourceTree = "<group>"; };
		623434481E53AF4F00460B18 /* ParticleSpawner.swift */ = {isa = PBXFileReference; fileEncoding = 4; lastKnownFileType = sourcecode.swift; path = ParticleSpawner.swift; sourceTree = "<group>"; };
		62FFA6D91E539BBD00D2E2D0 /* SwiftMath.framework */ = {isa = PBXFileReference; explicitFileType = wrapper.framework; path = SwiftMath.framework; sourceTree = BUILT_PRODUCTS_DIR; };
		62FFA6DC1E539C9600D2E2D0 /* Triangle.swift */ = {isa = PBXFileReference; fileEncoding = 4; lastKnownFileType = sourcecode.swift; path = Triangle.swift; sourceTree = "<group>"; };
		CE07A9801E51DE110024895C /* Scene.swift */ = {isa = PBXFileReference; fileEncoding = 4; lastKnownFileType = sourcecode.swift; path = Scene.swift; sourceTree = "<group>"; };
		CE07A9821E51DEBD0024895C /* Cube.swift */ = {isa = PBXFileReference; fileEncoding = 4; lastKnownFileType = sourcecode.swift; path = Cube.swift; sourceTree = "<group>"; };
		CE7B16571E53733B0016CB34 /* SwiftMath.framework */ = {isa = PBXFileReference; lastKnownFileType = wrapper.framework; name = SwiftMath.framework; path = "../../../Library/Developer/Xcode/DerivedData/3DSwiftEngine-elsvmdhqxxpdowfnfdphbjwrzikv/Build/Products/Debug-iphoneos/SwiftMath.framework"; sourceTree = "<group>"; };
		CE82D7D41E58CD33008EABDB /* Player.swift */ = {isa = PBXFileReference; fileEncoding = 4; lastKnownFileType = sourcecode.swift; path = Player.swift; sourceTree = "<group>"; };
		CE82D7D61E58D1AB008EABDB /* Plane.swift */ = {isa = PBXFileReference; fileEncoding = 4; lastKnownFileType = sourcecode.swift; path = Plane.swift; sourceTree = "<group>"; };
		CEE675A01E513D1800051914 /* Actor.swift */ = {isa = PBXFileReference; fileEncoding = 4; lastKnownFileType = sourcecode.swift; path = Actor.swift; sourceTree = "<group>"; };
		CEE675A21E5146D100051914 /* Shader.swift */ = {isa = PBXFileReference; fileEncoding = 4; lastKnownFileType = sourcecode.swift; path = Shader.swift; sourceTree = "<group>"; };
		CEE675A41E514E1300051914 /* Mesh.swift */ = {isa = PBXFileReference; fileEncoding = 4; lastKnownFileType = sourcecode.swift; path = Mesh.swift; sourceTree = "<group>"; };
		CEE855591E52A415003F0AB5 /* SwiftMath.framework */ = {isa = PBXFileReference; lastKnownFileType = wrapper.framework; name = SwiftMath.framework; path = ../../../../../../Library/Frameworks/SwiftMath.framework; sourceTree = "<group>"; };
		CEF5A9971E5135070008D0BB /* WolfRun.app */ = {isa = PBXFileReference; explicitFileType = wrapper.application; includeInIndex = 0; path = WolfRun.app; sourceTree = BUILT_PRODUCTS_DIR; };
		CEF5A99A1E5135070008D0BB /* AppDelegate.swift */ = {isa = PBXFileReference; lastKnownFileType = sourcecode.swift; path = AppDelegate.swift; sourceTree = "<group>"; };
		CEF5A99C1E5135070008D0BB /* Shader.frag */ = {isa = PBXFileReference; lastKnownFileType = sourcecode.glsl; name = Shader.frag; path = Shaders/Shader.frag; sourceTree = "<group>"; };
		CEF5A99E1E5135070008D0BB /* Shader.vert */ = {isa = PBXFileReference; lastKnownFileType = sourcecode.glsl; name = Shader.vert; path = Shaders/Shader.vert; sourceTree = "<group>"; };
		CEF5A9A01E5135070008D0BB /* GameViewController.swift */ = {isa = PBXFileReference; lastKnownFileType = sourcecode.swift; path = GameViewController.swift; sourceTree = "<group>"; };
		CEF5A9A31E5135070008D0BB /* Base */ = {isa = PBXFileReference; lastKnownFileType = file.storyboard; name = Base; path = Base.lproj/Main.storyboard; sourceTree = "<group>"; };
		CEF5A9A51E5135070008D0BB /* Assets.xcassets */ = {isa = PBXFileReference; lastKnownFileType = folder.assetcatalog; path = Assets.xcassets; sourceTree = "<group>"; };
		CEF5A9A81E5135070008D0BB /* Base */ = {isa = PBXFileReference; lastKnownFileType = file.storyboard; name = Base; path = Base.lproj/LaunchScreen.storyboard; sourceTree = "<group>"; };
		CEF5A9AA1E5135070008D0BB /* Info.plist */ = {isa = PBXFileReference; lastKnownFileType = text.plist.xml; path = Info.plist; sourceTree = "<group>"; };
		CEF5A9B01E525BB40008D0BB /* Camera.swift */ = {isa = PBXFileReference; fileEncoding = 4; lastKnownFileType = sourcecode.swift; path = Camera.swift; sourceTree = "<group>"; };
/* End PBXFileReference section */

/* Begin PBXFrameworksBuildPhase section */
		CEF5A9941E5135060008D0BB /* Frameworks */ = {
			isa = PBXFrameworksBuildPhase;
			buildActionMask = 2147483647;
			files = (
				CE7B16591E53734A0016CB34 /* SwiftMath.framework in Frameworks */,
				62FFA6DA1E539BBD00D2E2D0 /* SwiftMath.framework in Frameworks */,
			);
			runOnlyForDeploymentPostprocessing = 0;
		};
/* End PBXFrameworksBuildPhase section */

/* Begin PBXGroup section */
		CEE855581E52A415003F0AB5 /* Frameworks */ = {
			isa = PBXGroup;
			children = (
				CE7B16571E53733B0016CB34 /* SwiftMath.framework */,
				CEE855591E52A415003F0AB5 /* SwiftMath.framework */,
			);
			name = Frameworks;
			sourceTree = "<group>";
		};
		CEF5A98E1E5135060008D0BB = {
			isa = PBXGroup;
			children = (
				62FFA6D91E539BBD00D2E2D0 /* SwiftMath.framework */,
				CEF5A9991E5135070008D0BB /* WolfRun */,
				CEF5A9981E5135070008D0BB /* Products */,
				CEE855581E52A415003F0AB5 /* Frameworks */,
			);
			sourceTree = "<group>";
		};
		CEF5A9981E5135070008D0BB /* Products */ = {
			isa = PBXGroup;
			children = (
				CEF5A9971E5135070008D0BB /* WolfRun.app */,
			);
			name = Products;
			sourceTree = "<group>";
		};
		CEF5A9991E5135070008D0BB /* WolfRun */ = {
			isa = PBXGroup;
			children = (
				CEF5A99A1E5135070008D0BB /* AppDelegate.swift */,
				CEF5A99C1E5135070008D0BB /* Shader.frag */,
				CEF5A99E1E5135070008D0BB /* Shader.vert */,
				CEF5A9A01E5135070008D0BB /* GameViewController.swift */,
				CEE675A21E5146D100051914 /* Shader.swift */,
				CEE675A41E514E1300051914 /* Mesh.swift */,
				CEF5A9B01E525BB40008D0BB /* Camera.swift */,
				CE07A9801E51DE110024895C /* Scene.swift */,
				CEE675A01E513D1800051914 /* Actor.swift */,
				CE07A9821E51DEBD0024895C /* Cube.swift */,
				CE82D7D61E58D1AB008EABDB /* Plane.swift */,
				CE82D7D41E58CD33008EABDB /* Player.swift */,
				623434481E53AF4F00460B18 /* ParticleSpawner.swift */,
				623434441E53A8CB00460B18 /* Quad.swift */,
				62FFA6DC1E539C9600D2E2D0 /* Triangle.swift */,
				623434461E53ABB300460B18 /* Pyramid.swift */,
				CEF5A9A21E5135070008D0BB /* Main.storyboard */,
				CEF5A9A51E5135070008D0BB /* Assets.xcassets */,
				CEF5A9A71E5135070008D0BB /* LaunchScreen.storyboard */,
				CEF5A9AA1E5135070008D0BB /* Info.plist */,
			);
			path = WolfRun;
			sourceTree = "<group>";
		};
/* End PBXGroup section */

/* Begin PBXNativeTarget section */
		CEF5A9961E5135060008D0BB /* WolfRun */ = {
			isa = PBXNativeTarget;
			buildConfigurationList = CEF5A9AD1E5135070008D0BB /* Build configuration list for PBXNativeTarget "WolfRun" */;
			buildPhases = (
				CEF5A9941E5135060008D0BB /* Frameworks */,
				CEF5A9931E5135060008D0BB /* Sources */,
				CEF5A9951E5135060008D0BB /* Resources */,
				CE7B161E1E53707F0016CB34 /* Embed Frameworks */,
			);
			buildRules = (
			);
			dependencies = (
			);
			name = WolfRun;
			productName = WolfRun;
			productReference = CEF5A9971E5135070008D0BB /* WolfRun.app */;
			productType = "com.apple.product-type.application";
		};
/* End PBXNativeTarget section */

/* Begin PBXProject section */
		CEF5A98F1E5135060008D0BB /* Project object */ = {
			isa = PBXProject;
			attributes = {
				LastSwiftUpdateCheck = 0820;
				LastUpgradeCheck = 0820;
				ORGANIZATIONNAME = "Baked Goods Studios";
				TargetAttributes = {
					CEF5A9961E5135060008D0BB = {
						CreatedOnToolsVersion = 8.2.1;
						DevelopmentTeam = EM2LKXB8R4;
						ProvisioningStyle = Automatic;
					};
				};
			};
			buildConfigurationList = CEF5A9921E5135060008D0BB /* Build configuration list for PBXProject "WolfRun" */;
			compatibilityVersion = "Xcode 3.2";
			developmentRegion = English;
			hasScannedForEncodings = 0;
			knownRegions = (
				en,
				Base,
			);
			mainGroup = CEF5A98E1E5135060008D0BB;
			productRefGroup = CEF5A9981E5135070008D0BB /* Products */;
			projectDirPath = "";
			projectRoot = "";
			targets = (
				CEF5A9961E5135060008D0BB /* WolfRun */,
			);
		};
/* End PBXProject section */

/* Begin PBXResourcesBuildPhase section */
		CEF5A9951E5135060008D0BB /* Resources */ = {
			isa = PBXResourcesBuildPhase;
			buildActionMask = 2147483647;
			files = (
				CEF5A9A41E5135070008D0BB /* Main.storyboard in Resources */,
				CEF5A99F1E5135070008D0BB /* Shader.vert in Resources */,
				CEF5A9A61E5135070008D0BB /* Assets.xcassets in Resources */,
				CEF5A9A91E5135070008D0BB /* LaunchScreen.storyboard in Resources */,
				CEF5A99D1E5135070008D0BB /* Shader.frag in Resources */,
			);
			runOnlyForDeploymentPostprocessing = 0;
		};
/* End PBXResourcesBuildPhase section */

/* Begin PBXSourcesBuildPhase section */
		CEF5A9931E5135060008D0BB /* Sources */ = {
			isa = PBXSourcesBuildPhase;
			buildActionMask = 2147483647;
			files = (
				CEE675A51E514E1300051914 /* Mesh.swift in Sources */,
				CEF5A9A11E5135070008D0BB /* GameViewController.swift in Sources */,
				623434451E53A8CB00460B18 /* Quad.swift in Sources */,
				CEE675A31E5146D100051914 /* Shader.swift in Sources */,
				62FFA6DD1E539C9600D2E2D0 /* Triangle.swift in Sources */,
				CE82D7D51E58CD33008EABDB /* Player.swift in Sources */,
				CE82D7D71E58D1AB008EABDB /* Plane.swift in Sources */,
				CE07A9831E51DEBD0024895C /* Cube.swift in Sources */,
				CE07A9811E51DE110024895C /* Scene.swift in Sources */,
				623434471E53ABB300460B18 /* Pyramid.swift in Sources */,
				623434491E53AF4F00460B18 /* ParticleSpawner.swift in Sources */,
				CEF5A99B1E5135070008D0BB /* AppDelegate.swift in Sources */,
				CEE675A11E513D1800051914 /* Actor.swift in Sources */,
				CEF5A9B11E525BB40008D0BB /* Camera.swift in Sources */,
			);
			runOnlyForDeploymentPostprocessing = 0;
		};
/* End PBXSourcesBuildPhase section */

/* Begin PBXVariantGroup section */
		CEF5A9A21E5135070008D0BB /* Main.storyboard */ = {
			isa = PBXVariantGroup;
			children = (
				CEF5A9A31E5135070008D0BB /* Base */,
			);
			name = Main.storyboard;
			sourceTree = "<group>";
		};
		CEF5A9A71E5135070008D0BB /* LaunchScreen.storyboard */ = {
			isa = PBXVariantGroup;
			children = (
				CEF5A9A81E5135070008D0BB /* Base */,
			);
			name = LaunchScreen.storyboard;
			sourceTree = "<group>";
		};
/* End PBXVariantGroup section */

/* Begin XCBuildConfiguration section */
		CEF5A9AB1E5135070008D0BB /* Debug */ = {
			isa = XCBuildConfiguration;
			buildSettings = {
				ALWAYS_SEARCH_USER_PATHS = NO;
				CLANG_ANALYZER_NONNULL = YES;
				CLANG_CXX_LANGUAGE_STANDARD = "gnu++0x";
				CLANG_CXX_LIBRARY = "libc++";
				CLANG_ENABLE_MODULES = YES;
				CLANG_ENABLE_OBJC_ARC = YES;
				CLANG_WARN_BOOL_CONVERSION = YES;
				CLANG_WARN_CONSTANT_CONVERSION = YES;
				CLANG_WARN_DIRECT_OBJC_ISA_USAGE = YES_ERROR;
				CLANG_WARN_DOCUMENTATION_COMMENTS = YES;
				CLANG_WARN_EMPTY_BODY = YES;
				CLANG_WARN_ENUM_CONVERSION = YES;
				CLANG_WARN_INFINITE_RECURSION = YES;
				CLANG_WARN_INT_CONVERSION = YES;
				CLANG_WARN_OBJC_ROOT_CLASS = YES_ERROR;
				CLANG_WARN_SUSPICIOUS_MOVE = YES;
				CLANG_WARN_UNREACHABLE_CODE = YES;
				CLANG_WARN__DUPLICATE_METHOD_MATCH = YES;
				"CODE_SIGN_IDENTITY[sdk=iphoneos*]" = "iPhone Developer";
				COPY_PHASE_STRIP = NO;
				DEBUG_INFORMATION_FORMAT = dwarf;
				ENABLE_STRICT_OBJC_MSGSEND = YES;
				ENABLE_TESTABILITY = YES;
				GCC_C_LANGUAGE_STANDARD = gnu99;
				GCC_DYNAMIC_NO_PIC = NO;
				GCC_NO_COMMON_BLOCKS = YES;
				GCC_OPTIMIZATION_LEVEL = 0;
				GCC_PREPROCESSOR_DEFINITIONS = (
					"DEBUG=1",
					"$(inherited)",
				);
				GCC_WARN_64_TO_32_BIT_CONVERSION = YES;
				GCC_WARN_ABOUT_RETURN_TYPE = YES_ERROR;
				GCC_WARN_UNDECLARED_SELECTOR = YES;
				GCC_WARN_UNINITIALIZED_AUTOS = YES_AGGRESSIVE;
				GCC_WARN_UNUSED_FUNCTION = YES;
				GCC_WARN_UNUSED_VARIABLE = YES;
				IPHONEOS_DEPLOYMENT_TARGET = 10.2;
				MTL_ENABLE_DEBUG_INFO = YES;
				ONLY_ACTIVE_ARCH = YES;
				SDKROOT = iphoneos;
				SWIFT_ACTIVE_COMPILATION_CONDITIONS = DEBUG;
				SWIFT_OPTIMIZATION_LEVEL = "-Onone";
			};
			name = Debug;
		};
		CEF5A9AC1E5135070008D0BB /* Release */ = {
			isa = XCBuildConfiguration;
			buildSettings = {
				ALWAYS_SEARCH_USER_PATHS = NO;
				CLANG_ANALYZER_NONNULL = YES;
				CLANG_CXX_LANGUAGE_STANDARD = "gnu++0x";
				CLANG_CXX_LIBRARY = "libc++";
				CLANG_ENABLE_MODULES = YES;
				CLANG_ENABLE_OBJC_ARC = YES;
				CLANG_WARN_BOOL_CONVERSION = YES;
				CLANG_WARN_CONSTANT_CONVERSION = YES;
				CLANG_WARN_DIRECT_OBJC_ISA_USAGE = YES_ERROR;
				CLANG_WARN_DOCUMENTATION_COMMENTS = YES;
				CLANG_WARN_EMPTY_BODY = YES;
				CLANG_WARN_ENUM_CONVERSION = YES;
				CLANG_WARN_INFINITE_RECURSION = YES;
				CLANG_WARN_INT_CONVERSION = YES;
				CLANG_WARN_OBJC_ROOT_CLASS = YES_ERROR;
				CLANG_WARN_SUSPICIOUS_MOVE = YES;
				CLANG_WARN_UNREACHABLE_CODE = YES;
				CLANG_WARN__DUPLICATE_METHOD_MATCH = YES;
				"CODE_SIGN_IDENTITY[sdk=iphoneos*]" = "iPhone Developer";
				COPY_PHASE_STRIP = NO;
				DEBUG_INFORMATION_FORMAT = "dwarf-with-dsym";
				ENABLE_NS_ASSERTIONS = NO;
				ENABLE_STRICT_OBJC_MSGSEND = YES;
				GCC_C_LANGUAGE_STANDARD = gnu99;
				GCC_NO_COMMON_BLOCKS = YES;
				GCC_WARN_64_TO_32_BIT_CONVERSION = YES;
				GCC_WARN_ABOUT_RETURN_TYPE = YES_ERROR;
				GCC_WARN_UNDECLARED_SELECTOR = YES;
				GCC_WARN_UNINITIALIZED_AUTOS = YES_AGGRESSIVE;
				GCC_WARN_UNUSED_FUNCTION = YES;
				GCC_WARN_UNUSED_VARIABLE = YES;
				IPHONEOS_DEPLOYMENT_TARGET = 10.2;
				MTL_ENABLE_DEBUG_INFO = NO;
				SDKROOT = iphoneos;
				SWIFT_OPTIMIZATION_LEVEL = "-Owholemodule";
				VALIDATE_PRODUCT = YES;
			};
			name = Release;
		};
		CEF5A9AE1E5135070008D0BB /* Debug */ = {
			isa = XCBuildConfiguration;
			buildSettings = {
				ASSETCATALOG_COMPILER_APPICON_NAME = AppIcon;
				DEVELOPMENT_TEAM = EM2LKXB8R4;
				FRAMEWORK_SEARCH_PATHS = (
					"$(inherited)",
					"$(LOCAL_LIBRARY_DIR)/Frameworks",
				);
				INFOPLIST_FILE = WolfRun/Info.plist;
				IPHONEOS_DEPLOYMENT_TARGET = 10.3;
				LD_RUNPATH_SEARCH_PATHS = "$(inherited) @executable_path/Frameworks";
				PRODUCT_BUNDLE_IDENTIFIER = BakedGoods.WolfRun;
				PRODUCT_NAME = "$(TARGET_NAME)";
				STRIP_INSTALLED_PRODUCT = NO;
				SWIFT_VERSION = 3.0;
			};
			name = Debug;
		};
		CEF5A9AF1E5135070008D0BB /* Release */ = {
			isa = XCBuildConfiguration;
			buildSettings = {
				ASSETCATALOG_COMPILER_APPICON_NAME = AppIcon;
				DEVELOPMENT_TEAM = EM2LKXB8R4;
				FRAMEWORK_SEARCH_PATHS = (
					"$(inherited)",
					"$(LOCAL_LIBRARY_DIR)/Frameworks",
				);
				INFOPLIST_FILE = WolfRun/Info.plist;
				IPHONEOS_DEPLOYMENT_TARGET = 10.3;
				LD_RUNPATH_SEARCH_PATHS = "$(inherited) @executable_path/Frameworks";
				PRODUCT_BUNDLE_IDENTIFIER = BakedGoods.WolfRun;
				PRODUCT_NAME = "$(TARGET_NAME)";
				STRIP_INSTALLED_PRODUCT = NO;
				SWIFT_VERSION = 3.0;
			};
			name = Release;
		};
/* End XCBuildConfiguration section */

/* Begin XCConfigurationList section */
		CEF5A9921E5135060008D0BB /* Build configuration list for PBXProject "WolfRun" */ = {
			isa = XCConfigurationList;
			buildConfigurations = (
				CEF5A9AB1E5135070008D0BB /* Debug */,
				CEF5A9AC1E5135070008D0BB /* Release */,
			);
			defaultConfigurationIsVisible = 0;
			defaultConfigurationName = Release;
		};
		CEF5A9AD1E5135070008D0BB /* Build configuration list for PBXNativeTarget "WolfRun" */ = {
			isa = XCConfigurationList;
			buildConfigurations = (
				CEF5A9AE1E5135070008D0BB /* Debug */,
				CEF5A9AF1E5135070008D0BB /* Release */,
			);
			defaultConfigurationIsVisible = 0;
			defaultConfigurationName = Release;
		};
/* End XCConfigurationList section */
	};
	rootObject = CEF5A98F1E5135060008D0BB /* Project object */;
}
